
Microsoft Visual Studio Solution File, Format Version 12.00
# Visual Studio Version 17
VisualStudioVersion = 17.8.34330.188
MinimumVisualStudioVersion = 10.0.40219.1
Project("{FAE04EC0-301F-11D3-BF4B-00C04F79EFBC}") = "common", "common\common.csproj", "{132B95EE-6E33-43C5-B52F-07FC528DF2F2}"
EndProject
Global
	GlobalSection(SolutionConfigurationPlatforms) = preSolution
		Debug|Any CPU = Debug|Any CPU
		Release|Any CPU = Release|Any CPU
	EndGlobalSection
	GlobalSection(ProjectConfigurationPlatforms) = postSolution
		{132B95EE-6E33-43C5-B52F-07FC528DF2F2}.Debug|Any CPU.ActiveCfg = Debug|Any CPU
		{132B95EE-6E33-43C5-B52F-07FC528DF2F2}.Debug|Any CPU.Build.0 = Debug|Any CPU
		{132B95EE-6E33-43C5-B52F-07FC528DF2F2}.Release|Any CPU.ActiveCfg = Release|Any CPU
		{132B95EE-6E33-43C5-B52F-07FC528DF2F2}.Release|Any CPU.Build.0 = Release|Any CPU
	EndGlobalSection
	GlobalSection(SolutionProperties) = preSolution
		HideSolutionNode = FALSE
	EndGlobalSection
	GlobalSection(ExtensibilityGlobals) = postSolution
		SolutionGuid = {09A11D4C-293B-42C7-B353-CB306023222D}
	EndGlobalSection
EndGlobal
